
Microsoft Visual Studio Solution File, Format Version 12.00
# Visual Studio Version 16
VisualStudioVersion = 16.0.30002.166
MinimumVisualStudioVersion = 10.0.40219.1
Project("{FAE04EC0-301F-11D3-BF4B-00C04F79EFBC}") = "WebKipit", "WebKipit\WebKipit.csproj", "{3BFE1CD3-7E0C-4D8F-9C3B-EB2CA71FEB67}"
EndProject
Global
	GlobalSection(SolutionConfigurationPlatforms) = preSolution
		Debug|Any CPU = Debug|Any CPU
		Release|Any CPU = Release|Any CPU
	EndGlobalSection
	GlobalSection(ProjectConfigurationPlatforms) = postSolution
		{3BFE1CD3-7E0C-4D8F-9C3B-EB2CA71FEB67}.Debug|Any CPU.ActiveCfg = Debug|Any CPU
		{3BFE1CD3-7E0C-4D8F-9C3B-EB2CA71FEB67}.Debug|Any CPU.Build.0 = Debug|Any CPU
		{3BFE1CD3-7E0C-4D8F-9C3B-EB2CA71FEB67}.Release|Any CPU.ActiveCfg = Release|Any CPU
		{3BFE1CD3-7E0C-4D8F-9C3B-EB2CA71FEB67}.Release|Any CPU.Build.0 = Release|Any CPU
	EndGlobalSection
	GlobalSection(SolutionProperties) = preSolution
		HideSolutionNode = FALSE
	EndGlobalSection
	GlobalSection(ExtensibilityGlobals) = postSolution
		SolutionGuid = {D6E220B7-A0CE-4BF3-846F-A92F1B245D95}
	EndGlobalSection
EndGlobal
